
Microsoft Visual Studio Solution File, Format Version 12.00
# Visual Studio Version 16
VisualStudioVersion = 16.0.29613.14
MinimumVisualStudioVersion = 10.0.40219.1
Project("{00D1A9C2-B5F0-4AF3-8072-F6C62B433612}") = "paulc_project", "paulc_project\paulc_project.sqlproj", "{98BE9486-611C-40BD-929F-FCD5233F7C87}"
EndProject
Global
	GlobalSection(SolutionConfigurationPlatforms) = preSolution
		Debug|Any CPU = Debug|Any CPU
		Release|Any CPU = Release|Any CPU
	EndGlobalSection
	GlobalSection(ProjectConfigurationPlatforms) = postSolution
		{98BE9486-611C-40BD-929F-FCD5233F7C87}.Debug|Any CPU.ActiveCfg = Debug|Any CPU
		{98BE9486-611C-40BD-929F-FCD5233F7C87}.Debug|Any CPU.Build.0 = Debug|Any CPU
		{98BE9486-611C-40BD-929F-FCD5233F7C87}.Debug|Any CPU.Deploy.0 = Debug|Any CPU
		{98BE9486-611C-40BD-929F-FCD5233F7C87}.Release|Any CPU.ActiveCfg = Release|Any CPU
		{98BE9486-611C-40BD-929F-FCD5233F7C87}.Release|Any CPU.Build.0 = Release|Any CPU
		{98BE9486-611C-40BD-929F-FCD5233F7C87}.Release|Any CPU.Deploy.0 = Release|Any CPU
	EndGlobalSection
	GlobalSection(SolutionProperties) = preSolution
		HideSolutionNode = FALSE
	EndGlobalSection
	GlobalSection(ExtensibilityGlobals) = postSolution
		SolutionGuid = {FF76DFBC-61C4-4977-A7C5-7DBD08B1DD1F}
	EndGlobalSection
EndGlobal
